
Microsoft Visual Studio Solution File, Format Version 12.00
# Visual Studio Version 17
VisualStudioVersion = 17.13.35806.99 d17.13
MinimumVisualStudioVersion = 10.0.40219.1
Project("{FAE04EC0-301F-11D3-BF4B-00C04F79EFBC}") = "PluginUpdater", "PluginUpdater\PluginUpdater.csproj", "{962192CB-61C5-408A-8219-98CB1A808AAE}"
EndProject
Global
	GlobalSection(SolutionConfigurationPlatforms) = preSolution
		Debug|Any CPU = Debug|Any CPU
		Release|Any CPU = Release|Any CPU
	EndGlobalSection
	GlobalSection(ProjectConfigurationPlatforms) = postSolution
		{962192CB-61C5-408A-8219-98CB1A808AAE}.Debug|Any CPU.ActiveCfg = Debug|Any CPU
		{962192CB-61C5-408A-8219-98CB1A808AAE}.Debug|Any CPU.Build.0 = Debug|Any CPU
		{962192CB-61C5-408A-8219-98CB1A808AAE}.Release|Any CPU.ActiveCfg = Release|Any CPU
		{962192CB-61C5-408A-8219-98CB1A808AAE}.Release|Any CPU.Build.0 = Release|Any CPU
	EndGlobalSection
	GlobalSection(SolutionProperties) = preSolution
		HideSolutionNode = FALSE
	EndGlobalSection
	GlobalSection(ExtensibilityGlobals) = postSolution
		SolutionGuid = {0E8F15DF-6ACC-4F1A-9B5A-113587717578}
	EndGlobalSection
EndGlobal
